
Microsoft Visual Studio Solution File, Format Version 12.00
# Visual Studio Version 17
VisualStudioVersion = 17.5.002.0
MinimumVisualStudioVersion = 10.0.40219.1
Project("{2150E333-8FDC-42A3-9474-1A3956D46DE8}") = "csharp-prep", "csharp-prep", "{EE380617-29E3-4CA3-9074-80E19CEC86F5}"
EndProject
Project("{9A19103F-16F7-4668-BE54-9A1E7A4F7556}") = "Prep1", "csharp-prep\Prep1\Prep1.csproj", "{AC1AEC3C-AD71-4238-8750-AC2AFB0710D0}"
EndProject
Project("{9A19103F-16F7-4668-BE54-9A1E7A4F7556}") = "Prep2", "csharp-prep\Prep2\Prep2.csproj", "{36EE37CC-4287-47DA-B947-3281D8B8E59C}"
EndProject
Project("{9A19103F-16F7-4668-BE54-9A1E7A4F7556}") = "Prep3", "csharp-prep\Prep3\Prep3.csproj", "{6846F743-910C-4E31-B89E-C1DAA077B797}"
EndProject
Project("{9A19103F-16F7-4668-BE54-9A1E7A4F7556}") = "Prep4", "csharp-prep\Prep4\Prep4.csproj", "{28BE7DF8-A44F-499B-AE32-1D958FDA09A9}"
EndProject
Project("{9A19103F-16F7-4668-BE54-9A1E7A4F7556}") = "Prep5", "csharp-prep\Prep5\Prep5.csproj", "{4E7F6AF2-C5C7-46E5-9B7B-BB6173A8AFD2}"
EndProject
Project("{2150E333-8FDC-42A3-9474-1A3956D46DE8}") = "final", "final", "{8838BF55-799A-4E4F-8E5E-B8318479EB05}"
EndProject
Project("{9A19103F-16F7-4668-BE54-9A1E7A4F7556}") = "FinalProject", "final\FinalProject\FinalProject.csproj", "{58308AD8-5F4E-496A-BAD2-8A05BD324D54}"
EndProject
Project("{9A19103F-16F7-4668-BE54-9A1E7A4F7556}") = "Foundation1", "final\Foundation1\Foundation1.csproj", "{DACFFC7D-7C5A-4E7E-8B7D-0D264338479C}"
EndProject
Project("{9A19103F-16F7-4668-BE54-9A1E7A4F7556}") = "Foundation2", "final\Foundation2\Foundation2.csproj", "{C867F107-94AD-4209-8BFB-CD9EAECE160A}"
EndProject
Project("{9A19103F-16F7-4668-BE54-9A1E7A4F7556}") = "Foundation3", "final\Foundation3\Foundation3.csproj", "{8B67428D-8432-48BB-A683-E0A845AADEC0}"
EndProject
Project("{9A19103F-16F7-4668-BE54-9A1E7A4F7556}") = "Foundation4", "final\Foundation4\Foundation4.csproj", "{FA95F541-E095-4C7A-A06B-7330C0B59150}"
EndProject
Project("{2150E333-8FDC-42A3-9474-1A3956D46DE8}") = "prepare", "prepare", "{2A047F0C-850D-4AAD-872F-ED409714EC20}"
EndProject
Project("{9A19103F-16F7-4668-BE54-9A1E7A4F7556}") = "Learning02", "prepare\Learning02\Learning02.csproj", "{0A099CA6-7028-46F7-9832-42CF6F9709FA}"
EndProject
Project("{9A19103F-16F7-4668-BE54-9A1E7A4F7556}") = "Learning03", "prepare\Learning03\Learning03.csproj", "{D54A46E2-26F0-4946-9436-17F044BAADD9}"
EndProject
Project("{9A19103F-16F7-4668-BE54-9A1E7A4F7556}") = "Learning04", "prepare\Learning04\Learning04.csproj", "{854D588A-4971-4711-AE1C-1B309786AAC2}"
EndProject
Project("{9A19103F-16F7-4668-BE54-9A1E7A4F7556}") = "Learning05", "prepare\Learning05\Learning05.csproj", "{1EFE7A57-B6C3-4925-A622-CF3BD5059D5A}"
EndProject
Project("{2150E333-8FDC-42A3-9474-1A3956D46DE8}") = "prove", "prove", "{D03C2F72-D985-425C-8138-ADD7F7D44CF3}"
EndProject
Project("{9A19103F-16F7-4668-BE54-9A1E7A4F7556}") = "Develop02", "prove\Develop02\Develop02.csproj", "{3868D02B-7929-423B-91C8-4DE6F1EA7E92}"
EndProject
Project("{9A19103F-16F7-4668-BE54-9A1E7A4F7556}") = "Develop03", "prove\Develop03\Develop03.csproj", "{8329FEF6-75FA-4ADA-AD26-85E3D47DA69A}"
EndProject
Project("{9A19103F-16F7-4668-BE54-9A1E7A4F7556}") = "Develop04", "prove\Develop04\Develop04.csproj", "{48006220-1417-494E-B4CD-920616C7146D}"
EndProject
Project("{9A19103F-16F7-4668-BE54-9A1E7A4F7556}") = "Develop05", "prove\Develop05\Develop05.csproj", "{84F1F52A-EDE8-4B49-B03A-9B0C249BE36E}"
EndProject
Project("{2150E333-8FDC-42A3-9474-1A3956D46DE8}") = "sandbox", "sandbox", "{4AF2D3E3-99FB-41EB-A677-931E7E8D7230}"
EndProject
Project("{9A19103F-16F7-4668-BE54-9A1E7A4F7556}") = "Sandbox", "sandbox\Sandbox\Sandbox.csproj", "{661FAA4A-0B1F-4879-93DF-5AFAB798CD3C}"
EndProject
Global
	GlobalSection(SolutionConfigurationPlatforms) = preSolution
		Debug|Any CPU = Debug|Any CPU
		Release|Any CPU = Release|Any CPU
	EndGlobalSection
	GlobalSection(ProjectConfigurationPlatforms) = postSolution
		{AC1AEC3C-AD71-4238-8750-AC2AFB0710D0}.Debug|Any CPU.ActiveCfg = Debug|Any CPU
		{AC1AEC3C-AD71-4238-8750-AC2AFB0710D0}.Debug|Any CPU.Build.0 = Debug|Any CPU
		{AC1AEC3C-AD71-4238-8750-AC2AFB0710D0}.Release|Any CPU.ActiveCfg = Release|Any CPU
		{AC1AEC3C-AD71-4238-8750-AC2AFB0710D0}.Release|Any CPU.Build.0 = Release|Any CPU
		{36EE37CC-4287-47DA-B947-3281D8B8E59C}.Debug|Any CPU.ActiveCfg = Debug|Any CPU
		{36EE37CC-4287-47DA-B947-3281D8B8E59C}.Debug|Any CPU.Build.0 = Debug|Any CPU
		{36EE37CC-4287-47DA-B947-3281D8B8E59C}.Release|Any CPU.ActiveCfg = Release|Any CPU
		{36EE37CC-4287-47DA-B947-3281D8B8E59C}.Release|Any CPU.Build.0 = Release|Any CPU
		{6846F743-910C-4E31-B89E-C1DAA077B797}.Debug|Any CPU.ActiveCfg = Debug|Any CPU
		{6846F743-910C-4E31-B89E-C1DAA077B797}.Debug|Any CPU.Build.0 = Debug|Any CPU
		{6846F743-910C-4E31-B89E-C1DAA077B797}.Release|Any CPU.ActiveCfg = Release|Any CPU
		{6846F743-910C-4E31-B89E-C1DAA077B797}.Release|Any CPU.Build.0 = Release|Any CPU
		{28BE7DF8-A44F-499B-AE32-1D958FDA09A9}.Debug|Any CPU.ActiveCfg = Debug|Any CPU
		{28BE7DF8-A44F-499B-AE32-1D958FDA09A9}.Debug|Any CPU.Build.0 = Debug|Any CPU
		{28BE7DF8-A44F-499B-AE32-1D958FDA09A9}.Release|Any CPU.ActiveCfg = Release|Any CPU
		{28BE7DF8-A44F-499B-AE32-1D958FDA09A9}.Release|Any CPU.Build.0 = Release|Any CPU
		{4E7F6AF2-C5C7-46E5-9B7B-BB6173A8AFD2}.Debug|Any CPU.ActiveCfg = Debug|Any CPU
		{4E7F6AF2-C5C7-46E5-9B7B-BB6173A8AFD2}.Debug|Any CPU.Build.0 = Debug|Any CPU
		{4E7F6AF2-C5C7-46E5-9B7B-BB6173A8AFD2}.Release|Any CPU.ActiveCfg = Release|Any CPU
		{4E7F6AF2-C5C7-46E5-9B7B-BB6173A8AFD2}.Release|Any CPU.Build.0 = Release|Any CPU
		{58308AD8-5F4E-496A-BAD2-8A05BD324D54}.Debug|Any CPU.ActiveCfg = Debug|Any CPU
		{58308AD8-5F4E-496A-BAD2-8A05BD324D54}.Debug|Any CPU.Build.0 = Debug|Any CPU
		{58308AD8-5F4E-496A-BAD2-8A05BD324D54}.Release|Any CPU.ActiveCfg = Release|Any CPU
		{58308AD8-5F4E-496A-BAD2-8A05BD324D54}.Release|Any CPU.Build.0 = Release|Any CPU
		{DACFFC7D-7C5A-4E7E-8B7D-0D264338479C}.Debug|Any CPU.ActiveCfg = Debug|Any CPU
		{DACFFC7D-7C5A-4E7E-8B7D-0D264338479C}.Debug|Any CPU.Build.0 = Debug|Any CPU
		{DACFFC7D-7C5A-4E7E-8B7D-0D264338479C}.Release|Any CPU.ActiveCfg = Release|Any CPU
		{DACFFC7D-7C5A-4E7E-8B7D-0D264338479C}.Release|Any CPU.Build.0 = Release|Any CPU
		{C867F107-94AD-4209-8BFB-CD9EAECE160A}.Debug|Any CPU.ActiveCfg = Debug|Any CPU
		{C867F107-94AD-4209-8BFB-CD9EAECE160A}.Debug|Any CPU.Build.0 = Debug|Any CPU
		{C867F107-94AD-4209-8BFB-CD9EAECE160A}.Release|Any CPU.ActiveCfg = Release|Any CPU
		{C867F107-94AD-4209-8BFB-CD9EAECE160A}.Release|Any CPU.Build.0 = Release|Any CPU
		{8B67428D-8432-48BB-A683-E0A845AADEC0}.Debug|Any CPU.ActiveCfg = Debug|Any CPU
		{8B67428D-8432-48BB-A683-E0A845AADEC0}.Debug|Any CPU.Build.0 = Debug|Any CPU
		{8B67428D-8432-48BB-A683-E0A845AADEC0}.Release|Any CPU.ActiveCfg = Release|Any CPU
		{8B67428D-8432-48BB-A683-E0A845AADEC0}.Release|Any CPU.Build.0 = Release|Any CPU
		{FA95F541-E095-4C7A-A06B-7330C0B59150}.Debug|Any CPU.ActiveCfg = Debug|Any CPU
		{FA95F541-E095-4C7A-A06B-7330C0B59150}.Debug|Any CPU.Build.0 = Debug|Any CPU
		{FA95F541-E095-4C7A-A06B-7330C0B59150}.Release|Any CPU.ActiveCfg = Release|Any CPU
		{FA95F541-E095-4C7A-A06B-7330C0B59150}.Release|Any CPU.Build.0 = Release|Any CPU
		{0A099CA6-7028-46F7-9832-42CF6F9709FA}.Debug|Any CPU.ActiveCfg = Debug|Any CPU
		{0A099CA6-7028-46F7-9832-42CF6F9709FA}.Debug|Any CPU.Build.0 = Debug|Any CPU
		{0A099CA6-7028-46F7-9832-42CF6F9709FA}.Release|Any CPU.ActiveCfg = Release|Any CPU
		{0A099CA6-7028-46F7-9832-42CF6F9709FA}.Release|Any CPU.Build.0 = Release|Any CPU
		{D54A46E2-26F0-4946-9436-17F044BAADD9}.Debug|Any CPU.ActiveCfg = Debug|Any CPU
		{D54A46E2-26F0-4946-9436-17F044BAADD9}.Debug|Any CPU.Build.0 = Debug|Any CPU
		{D54A46E2-26F0-4946-9436-17F044BAADD9}.Release|Any CPU.ActiveCfg = Release|Any CPU
		{D54A46E2-26F0-4946-9436-17F044BAADD9}.Release|Any CPU.Build.0 = Release|Any CPU
		{854D588A-4971-4711-AE1C-1B309786AAC2}.Debug|Any CPU.ActiveCfg = Debug|Any CPU
		{854D588A-4971-4711-AE1C-1B309786AAC2}.Debug|Any CPU.Build.0 = Debug|Any CPU
		{854D588A-4971-4711-AE1C-1B309786AAC2}.Release|Any CPU.ActiveCfg = Release|Any CPU
		{854D588A-4971-4711-AE1C-1B309786AAC2}.Release|Any CPU.Build.0 = Release|Any CPU
		{1EFE7A57-B6C3-4925-A622-CF3BD5059D5A}.Debug|Any CPU.ActiveCfg = Debug|Any CPU
		{1EFE7A57-B6C3-4925-A622-CF3BD5059D5A}.Debug|Any CPU.Build.0 = Debug|Any CPU
		{1EFE7A57-B6C3-4925-A622-CF3BD5059D5A}.Release|Any CPU.ActiveCfg = Release|Any CPU
		{1EFE7A57-B6C3-4925-A622-CF3BD5059D5A}.Release|Any CPU.Build.0 = Release|Any CPU
		{3868D02B-7929-423B-91C8-4DE6F1EA7E92}.Debug|Any CPU.ActiveCfg = Debug|Any CPU
		{3868D02B-7929-423B-91C8-4DE6F1EA7E92}.Debug|Any CPU.Build.0 = Debug|Any CPU
		{3868D02B-7929-423B-91C8-4DE6F1EA7E92}.Release|Any CPU.ActiveCfg = Release|Any CPU
		{3868D02B-7929-423B-91C8-4DE6F1EA7E92}.Release|Any CPU.Build.0 = Release|Any CPU
		{8329FEF6-75FA-4ADA-AD26-85E3D47DA69A}.Debug|Any CPU.ActiveCfg = Debug|Any CPU
		{8329FEF6-75FA-4ADA-AD26-85E3D47DA69A}.Debug|Any CPU.Build.0 = Debug|Any CPU
		{8329FEF6-75FA-4ADA-AD26-85E3D47DA69A}.Release|Any CPU.ActiveCfg = Release|Any CPU
		{8329FEF6-75FA-4ADA-AD26-85E3D47DA69A}.Release|Any CPU.Build.0 = Release|Any CPU
		{48006220-1417-494E-B4CD-920616C7146D}.Debug|Any CPU.ActiveCfg = Debug|Any CPU
		{48006220-1417-494E-B4CD-920616C7146D}.Debug|Any CPU.Build.0 = Debug|Any CPU
		{48006220-1417-494E-B4CD-920616C7146D}.Release|Any CPU.ActiveCfg = Release|Any CPU
		{48006220-1417-494E-B4CD-920616C7146D}.Release|Any CPU.Build.0 = Release|Any CPU
		{84F1F52A-EDE8-4B49-B03A-9B0C249BE36E}.Debug|Any CPU.ActiveCfg = Debug|Any CPU
		{84F1F52A-EDE8-4B49-B03A-9B0C249BE36E}.Debug|Any CPU.Build.0 = Debug|Any CPU
		{84F1F52A-EDE8-4B49-B03A-9B0C249BE36E}.Release|Any CPU.ActiveCfg = Release|Any CPU
		{84F1F52A-EDE8-4B49-B03A-9B0C249BE36E}.Release|Any CPU.Build.0 = Release|Any CPU
		{661FAA4A-0B1F-4879-93DF-5AFAB798CD3C}.Debug|Any CPU.ActiveCfg = Debug|Any CPU
		{661FAA4A-0B1F-4879-93DF-5AFAB798CD3C}.Debug|Any CPU.Build.0 = Debug|Any CPU
		{661FAA4A-0B1F-4879-93DF-5AFAB798CD3C}.Release|Any CPU.ActiveCfg = Release|Any CPU
		{661FAA4A-0B1F-4879-93DF-5AFAB798CD3C}.Release|Any CPU.Build.0 = Release|Any CPU
	EndGlobalSection
	GlobalSection(SolutionProperties) = preSolution
		HideSolutionNode = FALSE
	EndGlobalSection
	GlobalSection(NestedProjects) = preSolution
		{AC1AEC3C-AD71-4238-8750-AC2AFB0710D0} = {EE380617-29E3-4CA3-9074-80E19CEC86F5}
		{36EE37CC-4287-47DA-B947-3281D8B8E59C} = {EE380617-29E3-4CA3-9074-80E19CEC86F5}
		{6846F743-910C-4E31-B89E-C1DAA077B797} = {EE380617-29E3-4CA3-9074-80E19CEC86F5}
		{28BE7DF8-A44F-499B-AE32-1D958FDA09A9} = {EE380617-29E3-4CA3-9074-80E19CEC86F5}
		{4E7F6AF2-C5C7-46E5-9B7B-BB6173A8AFD2} = {EE380617-29E3-4CA3-9074-80E19CEC86F5}
		{58308AD8-5F4E-496A-BAD2-8A05BD324D54} = {8838BF55-799A-4E4F-8E5E-B8318479EB05}
		{DACFFC7D-7C5A-4E7E-8B7D-0D264338479C} = {8838BF55-799A-4E4F-8E5E-B8318479EB05}
		{C867F107-94AD-4209-8BFB-CD9EAECE160A} = {8838BF55-799A-4E4F-8E5E-B8318479EB05}
		{8B67428D-8432-48BB-A683-E0A845AADEC0} = {8838BF55-799A-4E4F-8E5E-B8318479EB05}
		{FA95F541-E095-4C7A-A06B-7330C0B59150} = {8838BF55-799A-4E4F-8E5E-B8318479EB05}
		{0A099CA6-7028-46F7-9832-42CF6F9709FA} = {2A047F0C-850D-4AAD-872F-ED409714EC20}
		{D54A46E2-26F0-4946-9436-17F044BAADD9} = {2A047F0C-850D-4AAD-872F-ED409714EC20}
		{854D588A-4971-4711-AE1C-1B309786AAC2} = {2A047F0C-850D-4AAD-872F-ED409714EC20}
		{1EFE7A57-B6C3-4925-A622-CF3BD5059D5A} = {2A047F0C-850D-4AAD-872F-ED409714EC20}
		{3868D02B-7929-423B-91C8-4DE6F1EA7E92} = {D03C2F72-D985-425C-8138-ADD7F7D44CF3}
		{8329FEF6-75FA-4ADA-AD26-85E3D47DA69A} = {D03C2F72-D985-425C-8138-ADD7F7D44CF3}
		{48006220-1417-494E-B4CD-920616C7146D} = {D03C2F72-D985-425C-8138-ADD7F7D44CF3}
		{84F1F52A-EDE8-4B49-B03A-9B0C249BE36E} = {D03C2F72-D985-425C-8138-ADD7F7D44CF3}
		{661FAA4A-0B1F-4879-93DF-5AFAB798CD3C} = {4AF2D3E3-99FB-41EB-A677-931E7E8D7230}
	EndGlobalSection
	GlobalSection(ExtensibilityGlobals) = postSolution
		SolutionGuid = {0E18CF31-4408-4FB6-91C5-B31C146C5476}
	EndGlobalSection
EndGlobal
